
Microsoft Visual Studio Solution File, Format Version 12.00
# Visual Studio Version 17
VisualStudioVersion = 17.0.31903.59
MinimumVisualStudioVersion = 10.0.40219.1
Project("{8BC9CEB8-8B4A-11D0-8D11-00A0C91BC942}") = "DDCBrightness", "driver\DDCBrightness.vcxproj", "{B1234567-AAAA-BBBB-CCCC-DDDDDDDDDDDD}"
EndProject
Project("{8BC9CEB8-8B4A-11D0-8D11-00A0C91BC942}") = "DDCBrightnessService", "service\DDCBrightnessService.vcxproj", "{C2345678-AAAA-BBBB-CCCC-EEEEEEEEEEEE}"
EndProject
Project("{8BC9CEB8-8B4A-11D0-8D11-00A0C91BC942}") = "DDCTest", "tools\DDCTest.vcxproj", "{D3456789-AAAA-BBBB-CCCC-FFFFFFFFFFFF}"
EndProject
Global
	GlobalSection(SolutionConfigurationPlatforms) = preSolution
		Debug|x64 = Debug|x64
		Release|x64 = Release|x64
	EndGlobalSection
	GlobalSection(ProjectConfigurationPlatforms) = postSolution
		{B1234567-AAAA-BBBB-CCCC-DDDDDDDDDDDD}.Debug|x64.ActiveCfg = Debug|x64
		{B1234567-AAAA-BBBB-CCCC-DDDDDDDDDDDD}.Debug|x64.Build.0 = Debug|x64
		{B1234567-AAAA-BBBB-CCCC-DDDDDDDDDDDD}.Release|x64.ActiveCfg = Release|x64
		{B1234567-AAAA-BBBB-CCCC-DDDDDDDDDDDD}.Release|x64.Build.0 = Release|x64
		{C2345678-AAAA-BBBB-CCCC-EEEEEEEEEEEE}.Debug|x64.ActiveCfg = Debug|x64
		{C2345678-AAAA-BBBB-CCCC-EEEEEEEEEEEE}.Debug|x64.Build.0 = Debug|x64
		{C2345678-AAAA-BBBB-CCCC-EEEEEEEEEEEE}.Release|x64.ActiveCfg = Release|x64
		{C2345678-AAAA-BBBB-CCCC-EEEEEEEEEEEE}.Release|x64.Build.0 = Release|x64
		{D3456789-AAAA-BBBB-CCCC-FFFFFFFFFFFF}.Debug|x64.ActiveCfg = Debug|x64
		{D3456789-AAAA-BBBB-CCCC-FFFFFFFFFFFF}.Debug|x64.Build.0 = Debug|x64
		{D3456789-AAAA-BBBB-CCCC-FFFFFFFFFFFF}.Release|x64.ActiveCfg = Release|x64
		{D3456789-AAAA-BBBB-CCCC-FFFFFFFFFFFF}.Release|x64.Build.0 = Release|x64
	EndGlobalSection
	GlobalSection(SolutionProperties) = preSolution
		HideSolutionNode = FALSE
	EndGlobalSection
EndGlobal
